// !$*UTF8*$!
{
	archiveVersion = 1;
	classes = {
	};
	objectVersion = 50;
	objects = {

/* Begin PBXBuildFile section */
		026D86239008BD6A158C12DD /* Pods_Tinder_Firestore_MVVM.framework in Frameworks */ = {isa = PBXBuildFile; fileRef = 037C95D2B2F352F72B76C0D8 /* Pods_Tinder_Firestore_MVVM.framework */; };
		34070A7F230E0E38006FB397 /* SettingsController.swift in Sources */ = {isa = PBXBuildFile; fileRef = 34070A7E230E0E38006FB397 /* SettingsController.swift */; };
		341391C723068859002A5035 /* AppDelegate.swift in Sources */ = {isa = PBXBuildFile; fileRef = 341391C623068859002A5035 /* AppDelegate.swift */; };
		341391C923068859002A5035 /* HomeController.swift in Sources */ = {isa = PBXBuildFile; fileRef = 341391C823068859002A5035 /* HomeController.swift */; };
		341391CC23068859002A5035 /* Main.storyboard in Resources */ = {isa = PBXBuildFile; fileRef = 341391CA23068859002A5035 /* Main.storyboard */; };
		341391CE2306885A002A5035 /* Assets.xcassets in Resources */ = {isa = PBXBuildFile; fileRef = 341391CD2306885A002A5035 /* Assets.xcassets */; };
		341391D12306885A002A5035 /* LaunchScreen.storyboard in Resources */ = {isa = PBXBuildFile; fileRef = 341391CF2306885A002A5035 /* LaunchScreen.storyboard */; };
		341391DA230688DE002A5035 /* TopNavigationStackView.swift in Sources */ = {isa = PBXBuildFile; fileRef = 341391D9230688DD002A5035 /* TopNavigationStackView.swift */; };
		341391DC230688F5002A5035 /* HomeBottomControlStackView.swift in Sources */ = {isa = PBXBuildFile; fileRef = 341391DB230688F5002A5035 /* HomeBottomControlStackView.swift */; };
		341391DE2306890E002A5035 /* CardView.swift in Sources */ = {isa = PBXBuildFile; fileRef = 341391DD2306890E002A5035 /* CardView.swift */; };
		341391E12306893F002A5035 /* Extension+UIView.swift in Sources */ = {isa = PBXBuildFile; fileRef = 341391E02306893F002A5035 /* Extension+UIView.swift */; };
		3415AFB6230B778C003799E0 /* RegistrationController.swift in Sources */ = {isa = PBXBuildFile; fileRef = 3415AFB5230B778C003799E0 /* RegistrationController.swift */; };
		3415AFB8230B8256003799E0 /* CustomTextField.swift in Sources */ = {isa = PBXBuildFile; fileRef = 3415AFB7230B8256003799E0 /* CustomTextField.swift */; };
		3415AFBC230BBF03003799E0 /* RegistrationViewModel.swift in Sources */ = {isa = PBXBuildFile; fileRef = 3415AFBB230BBF03003799E0 /* RegistrationViewModel.swift */; };
		3415AFBE230BCBAF003799E0 /* GoogleService-Info.plist in Resources */ = {isa = PBXBuildFile; fileRef = 3415AFBD230BCBAE003799E0 /* GoogleService-Info.plist */; };
		3419A080230CC7E50087FD8B /* Bindable.swift in Sources */ = {isa = PBXBuildFile; fileRef = 3419A07F230CC7E50087FD8B /* Bindable.swift */; };
		3419E6B4230A67A800CE99B1 /* CardViewModel.swift in Sources */ = {isa = PBXBuildFile; fileRef = 3419E6B3230A67A800CE99B1 /* CardViewModel.swift */; };
		3419E6B6230A6E8A00CE99B1 /* Advertiser.swift in Sources */ = {isa = PBXBuildFile; fileRef = 3419E6B5230A6E8A00CE99B1 /* Advertiser.swift */; };
		3419FA80230F712800E00171 /* SettingsCell.swift in Sources */ = {isa = PBXBuildFile; fileRef = 3419FA7F230F712800E00171 /* SettingsCell.swift */; };
		3448BEE3231358DB002DA5C3 /* AgeRangeCell.swift in Sources */ = {isa = PBXBuildFile; fileRef = 3448BEE2231358DB002DA5C3 /* AgeRangeCell.swift */; };
		34A1C99A230A50940029315D /* User.swift in Sources */ = {isa = PBXBuildFile; fileRef = 34A1C999230A50940029315D /* User.swift */; };
/* End PBXBuildFile section */

/* Begin PBXFileReference section */
		037C95D2B2F352F72B76C0D8 /* Pods_Tinder_Firestore_MVVM.framework */ = {isa = PBXFileReference; explicitFileType = wrapper.framework; includeInIndex = 0; path = Pods_Tinder_Firestore_MVVM.framework; sourceTree = BUILT_PRODUCTS_DIR; };
		34070A7E230E0E38006FB397 /* SettingsController.swift */ = {isa = PBXFileReference; lastKnownFileType = sourcecode.swift; path = SettingsController.swift; sourceTree = "<group>"; };
		341391C323068859002A5035 /* Tinder-Firestore-MVVM.app */ = {isa = PBXFileReference; explicitFileType = wrapper.application; includeInIndex = 0; path = "Tinder-Firestore-MVVM.app"; sourceTree = BUILT_PRODUCTS_DIR; };
		341391C623068859002A5035 /* AppDelegate.swift */ = {isa = PBXFileReference; lastKnownFileType = sourcecode.swift; path = AppDelegate.swift; sourceTree = "<group>"; };
		341391C823068859002A5035 /* HomeController.swift */ = {isa = PBXFileReference; lastKnownFileType = sourcecode.swift; path = HomeController.swift; sourceTree = "<group>"; };
		341391CB23068859002A5035 /* Base */ = {isa = PBXFileReference; lastKnownFileType = file.storyboard; name = Base; path = Base.lproj/Main.storyboard; sourceTree = "<group>"; };
		341391CD2306885A002A5035 /* Assets.xcassets */ = {isa = PBXFileReference; lastKnownFileType = folder.assetcatalog; path = Assets.xcassets; sourceTree = "<group>"; };
		341391D02306885A002A5035 /* Base */ = {isa = PBXFileReference; lastKnownFileType = file.storyboard; name = Base; path = Base.lproj/LaunchScreen.storyboard; sourceTree = "<group>"; };
		341391D22306885A002A5035 /* Info.plist */ = {isa = PBXFileReference; lastKnownFileType = text.plist.xml; path = Info.plist; sourceTree = "<group>"; };
		341391D9230688DD002A5035 /* TopNavigationStackView.swift */ = {isa = PBXFileReference; lastKnownFileType = sourcecode.swift; path = TopNavigationStackView.swift; sourceTree = "<group>"; };
		341391DB230688F5002A5035 /* HomeBottomControlStackView.swift */ = {isa = PBXFileReference; lastKnownFileType = sourcecode.swift; path = HomeBottomControlStackView.swift; sourceTree = "<group>"; };
		341391DD2306890E002A5035 /* CardView.swift */ = {isa = PBXFileReference; lastKnownFileType = sourcecode.swift; path = CardView.swift; sourceTree = "<group>"; };
		341391E02306893F002A5035 /* Extension+UIView.swift */ = {isa = PBXFileReference; lastKnownFileType = sourcecode.swift; path = "Extension+UIView.swift"; sourceTree = "<group>"; };
		3415AFB5230B778C003799E0 /* RegistrationController.swift */ = {isa = PBXFileReference; lastKnownFileType = sourcecode.swift; path = RegistrationController.swift; sourceTree = "<group>"; };
		3415AFB7230B8256003799E0 /* CustomTextField.swift */ = {isa = PBXFileReference; lastKnownFileType = sourcecode.swift; path = CustomTextField.swift; sourceTree = "<group>"; };
		3415AFBB230BBF03003799E0 /* RegistrationViewModel.swift */ = {isa = PBXFileReference; lastKnownFileType = sourcecode.swift; path = RegistrationViewModel.swift; sourceTree = "<group>"; };
		3415AFBD230BCBAE003799E0 /* GoogleService-Info.plist */ = {isa = PBXFileReference; fileEncoding = 4; lastKnownFileType = text.plist.xml; path = "GoogleService-Info.plist"; sourceTree = "<group>"; };
		3419A07F230CC7E50087FD8B /* Bindable.swift */ = {isa = PBXFileReference; lastKnownFileType = sourcecode.swift; path = Bindable.swift; sourceTree = "<group>"; };
		3419E6B3230A67A800CE99B1 /* CardViewModel.swift */ = {isa = PBXFileReference; lastKnownFileType = sourcecode.swift; path = CardViewModel.swift; sourceTree = "<group>"; };
		3419E6B5230A6E8A00CE99B1 /* Advertiser.swift */ = {isa = PBXFileReference; lastKnownFileType = sourcecode.swift; path = Advertiser.swift; sourceTree = "<group>"; };
		3419FA7F230F712800E00171 /* SettingsCell.swift */ = {isa = PBXFileReference; lastKnownFileType = sourcecode.swift; path = SettingsCell.swift; sourceTree = "<group>"; };
		3448BEE2231358DB002DA5C3 /* AgeRangeCell.swift */ = {isa = PBXFileReference; lastKnownFileType = sourcecode.swift; path = AgeRangeCell.swift; sourceTree = "<group>"; };
		34A1C999230A50940029315D /* User.swift */ = {isa = PBXFileReference; lastKnownFileType = sourcecode.swift; path = User.swift; sourceTree = "<group>"; };
		53BA764CD8D0213BE95DE470 /* Pods-Tinder-Firestore-MVVM.debug.xcconfig */ = {isa = PBXFileReference; includeInIndex = 1; lastKnownFileType = text.xcconfig; name = "Pods-Tinder-Firestore-MVVM.debug.xcconfig"; path = "Target Support Files/Pods-Tinder-Firestore-MVVM/Pods-Tinder-Firestore-MVVM.debug.xcconfig"; sourceTree = "<group>"; };
		D3D85C25544D508DB2CB5656 /* Pods-Tinder-Firestore-MVVM.release.xcconfig */ = {isa = PBXFileReference; includeInIndex = 1; lastKnownFileType = text.xcconfig; name = "Pods-Tinder-Firestore-MVVM.release.xcconfig"; path = "Target Support Files/Pods-Tinder-Firestore-MVVM/Pods-Tinder-Firestore-MVVM.release.xcconfig"; sourceTree = "<group>"; };
/* End PBXFileReference section */

/* Begin PBXFrameworksBuildPhase section */
		341391C023068859002A5035 /* Frameworks */ = {
			isa = PBXFrameworksBuildPhase;
			buildActionMask = 2147483647;
			files = (
				026D86239008BD6A158C12DD /* Pods_Tinder_Firestore_MVVM.framework in Frameworks */,
			);
			runOnlyForDeploymentPostprocessing = 0;
		};
/* End PBXFrameworksBuildPhase section */

/* Begin PBXGroup section */
		341391BA23068859002A5035 = {
			isa = PBXGroup;
			children = (
				341391C523068859002A5035 /* Tinder-Firestore-MVVM */,
				341391C423068859002A5035 /* Products */,
				8136578822E056B7F21BD20B /* Pods */,
				97A83B9AA8082DB920EC9342 /* Frameworks */,
			);
			sourceTree = "<group>";
		};
		341391C423068859002A5035 /* Products */ = {
			isa = PBXGroup;
			children = (
				341391C323068859002A5035 /* Tinder-Firestore-MVVM.app */,
			);
			name = Products;
			sourceTree = "<group>";
		};
		341391C523068859002A5035 /* Tinder-Firestore-MVVM */ = {
			isa = PBXGroup;
			children = (
				341391D8230688BD002A5035 /* Views */,
				3419E6B2230A679700CE99B1 /* ViewModels */,
				3419E6B1230A670200CE99B1 /* Controllers */,
				34A1C998230A50860029315D /* Model */,
				341391DF23068926002A5035 /* Extensions */,
				341391C623068859002A5035 /* AppDelegate.swift */,
				341391CA23068859002A5035 /* Main.storyboard */,
				341391CD2306885A002A5035 /* Assets.xcassets */,
				341391CF2306885A002A5035 /* LaunchScreen.storyboard */,
				341391D22306885A002A5035 /* Info.plist */,
				3415AFBD230BCBAE003799E0 /* GoogleService-Info.plist */,
			);
			path = "Tinder-Firestore-MVVM";
			sourceTree = "<group>";
		};
		341391D8230688BD002A5035 /* Views */ = {
			isa = PBXGroup;
			children = (
				341391D9230688DD002A5035 /* TopNavigationStackView.swift */,
				341391DB230688F5002A5035 /* HomeBottomControlStackView.swift */,
				341391DD2306890E002A5035 /* CardView.swift */,
				3415AFB7230B8256003799E0 /* CustomTextField.swift */,
				3419FA7F230F712800E00171 /* SettingsCell.swift */,
				3448BEE2231358DB002DA5C3 /* AgeRangeCell.swift */,
			);
			path = Views;
			sourceTree = "<group>";
		};
		341391DF23068926002A5035 /* Extensions */ = {
			isa = PBXGroup;
			children = (
				341391E02306893F002A5035 /* Extension+UIView.swift */,
			);
			path = Extensions;
			sourceTree = "<group>";
		};
		3419E6B1230A670200CE99B1 /* Controllers */ = {
			isa = PBXGroup;
			children = (
				341391C823068859002A5035 /* HomeController.swift */,
				3415AFB5230B778C003799E0 /* RegistrationController.swift */,
				3419A07F230CC7E50087FD8B /* Bindable.swift */,
				34070A7E230E0E38006FB397 /* SettingsController.swift */,
			);
			path = Controllers;
			sourceTree = "<group>";
		};
		3419E6B2230A679700CE99B1 /* ViewModels */ = {
			isa = PBXGroup;
			children = (
				3419E6B3230A67A800CE99B1 /* CardViewModel.swift */,
				3415AFBB230BBF03003799E0 /* RegistrationViewModel.swift */,
			);
			path = ViewModels;
			sourceTree = "<group>";
		};
		34A1C998230A50860029315D /* Model */ = {
			isa = PBXGroup;
			children = (
				34A1C999230A50940029315D /* User.swift */,
				3419E6B5230A6E8A00CE99B1 /* Advertiser.swift */,
			);
			path = Model;
			sourceTree = "<group>";
		};
		8136578822E056B7F21BD20B /* Pods */ = {
			isa = PBXGroup;
			children = (
				53BA764CD8D0213BE95DE470 /* Pods-Tinder-Firestore-MVVM.debug.xcconfig */,
				D3D85C25544D508DB2CB5656 /* Pods-Tinder-Firestore-MVVM.release.xcconfig */,
			);
			path = Pods;
			sourceTree = "<group>";
		};
		97A83B9AA8082DB920EC9342 /* Frameworks */ = {
			isa = PBXGroup;
			children = (
				037C95D2B2F352F72B76C0D8 /* Pods_Tinder_Firestore_MVVM.framework */,
			);
			name = Frameworks;
			sourceTree = "<group>";
		};
/* End PBXGroup section */

/* Begin PBXNativeTarget section */
		341391C223068859002A5035 /* Tinder-Firestore-MVVM */ = {
			isa = PBXNativeTarget;
			buildConfigurationList = 341391D52306885A002A5035 /* Build configuration list for PBXNativeTarget "Tinder-Firestore-MVVM" */;
			buildPhases = (
				A9FF3B677487E7F5FF76F3C8 /* [CP] Check Pods Manifest.lock */,
				341391BF23068859002A5035 /* Sources */,
				341391C023068859002A5035 /* Frameworks */,
				341391C123068859002A5035 /* Resources */,
				DE068E124258181982A48460 /* [CP] Embed Pods Frameworks */,
			);
			buildRules = (
			);
			dependencies = (
			);
			name = "Tinder-Firestore-MVVM";
			productName = "Tinder-Firestore-MVVM";
			productReference = 341391C323068859002A5035 /* Tinder-Firestore-MVVM.app */;
			productType = "com.apple.product-type.application";
		};
/* End PBXNativeTarget section */

/* Begin PBXProject section */
		341391BB23068859002A5035 /* Project object */ = {
			isa = PBXProject;
			attributes = {
				LastSwiftUpdateCheck = 1020;
				LastUpgradeCheck = 1020;
				ORGANIZATIONNAME = "iOS dev";
				TargetAttributes = {
					341391C223068859002A5035 = {
						CreatedOnToolsVersion = 10.2;
					};
				};
			};
			buildConfigurationList = 341391BE23068859002A5035 /* Build configuration list for PBXProject "Tinder-Firestore-MVVM" */;
			compatibilityVersion = "Xcode 9.3";
			developmentRegion = en;
			hasScannedForEncodings = 0;
			knownRegions = (
				en,
				Base,
			);
			mainGroup = 341391BA23068859002A5035;
			productRefGroup = 341391C423068859002A5035 /* Products */;
			projectDirPath = "";
			projectRoot = "";
			targets = (
				341391C223068859002A5035 /* Tinder-Firestore-MVVM */,
			);
		};
/* End PBXProject section */

/* Begin PBXResourcesBuildPhase section */
		341391C123068859002A5035 /* Resources */ = {
			isa = PBXResourcesBuildPhase;
			buildActionMask = 2147483647;
			files = (
				341391D12306885A002A5035 /* LaunchScreen.storyboard in Resources */,
				3415AFBE230BCBAF003799E0 /* GoogleService-Info.plist in Resources */,
				341391CE2306885A002A5035 /* Assets.xcassets in Resources */,
				341391CC23068859002A5035 /* Main.storyboard in Resources */,
			);
			runOnlyForDeploymentPostprocessing = 0;
		};
/* End PBXResourcesBuildPhase section */

/* Begin PBXShellScriptBuildPhase section */
		A9FF3B677487E7F5FF76F3C8 /* [CP] Check Pods Manifest.lock */ = {
			isa = PBXShellScriptBuildPhase;
			buildActionMask = 2147483647;
			files = (
			);
			inputFileListPaths = (
			);
			inputPaths = (
				"${PODS_PODFILE_DIR_PATH}/Podfile.lock",
				"${PODS_ROOT}/Manifest.lock",
			);
			name = "[CP] Check Pods Manifest.lock";
			outputFileListPaths = (
			);
			outputPaths = (
				"$(DERIVED_FILE_DIR)/Pods-Tinder-Firestore-MVVM-checkManifestLockResult.txt",
			);
			runOnlyForDeploymentPostprocessing = 0;
			shellPath = /bin/sh;
			shellScript = "diff \"${PODS_PODFILE_DIR_PATH}/Podfile.lock\" \"${PODS_ROOT}/Manifest.lock\" > /dev/null\nif [ $? != 0 ] ; then\n    # print error to STDERR\n    echo \"error: The sandbox is not in sync with the Podfile.lock. Run 'pod install' or update your CocoaPods installation.\" >&2\n    exit 1\nfi\n# This output is used by Xcode 'outputs' to avoid re-running this script phase.\necho \"SUCCESS\" > \"${SCRIPT_OUTPUT_FILE_0}\"\n";
			showEnvVarsInLog = 0;
		};
		DE068E124258181982A48460 /* [CP] Embed Pods Frameworks */ = {
			isa = PBXShellScriptBuildPhase;
			buildActionMask = 2147483647;
			files = (
			);
			inputFileListPaths = (
			);
			inputPaths = (
				"${PODS_ROOT}/Target Support Files/Pods-Tinder-Firestore-MVVM/Pods-Tinder-Firestore-MVVM-frameworks.sh",
				"${BUILT_PRODUCTS_DIR}/BoringSSL-GRPC/openssl_grpc.framework",
				"${BUILT_PRODUCTS_DIR}/GTMSessionFetcher/GTMSessionFetcher.framework",
				"${BUILT_PRODUCTS_DIR}/GoogleUtilities/GoogleUtilities.framework",
				"${BUILT_PRODUCTS_DIR}/JGProgressHUD/JGProgressHUD.framework",
				"${BUILT_PRODUCTS_DIR}/Protobuf/Protobuf.framework",
				"${BUILT_PRODUCTS_DIR}/SDWebImage/SDWebImage.framework",
				"${BUILT_PRODUCTS_DIR}/gRPC/GRPCClient.framework",
				"${BUILT_PRODUCTS_DIR}/gRPC-C++/grpcpp.framework",
				"${BUILT_PRODUCTS_DIR}/gRPC-Core/grpc.framework",
				"${BUILT_PRODUCTS_DIR}/gRPC-ProtoRPC/ProtoRPC.framework",
				"${BUILT_PRODUCTS_DIR}/gRPC-RxLibrary/RxLibrary.framework",
				"${BUILT_PRODUCTS_DIR}/leveldb-library/leveldb.framework",
				"${BUILT_PRODUCTS_DIR}/nanopb/nanopb.framework",
			);
			name = "[CP] Embed Pods Frameworks";
			outputFileListPaths = (
			);
			outputPaths = (
				"${TARGET_BUILD_DIR}/${FRAMEWORKS_FOLDER_PATH}/openssl_grpc.framework",
				"${TARGET_BUILD_DIR}/${FRAMEWORKS_FOLDER_PATH}/GTMSessionFetcher.framework",
				"${TARGET_BUILD_DIR}/${FRAMEWORKS_FOLDER_PATH}/GoogleUtilities.framework",
				"${TARGET_BUILD_DIR}/${FRAMEWORKS_FOLDER_PATH}/JGProgressHUD.framework",
				"${TARGET_BUILD_DIR}/${FRAMEWORKS_FOLDER_PATH}/Protobuf.framework",
				"${TARGET_BUILD_DIR}/${FRAMEWORKS_FOLDER_PATH}/SDWebImage.framework",
				"${TARGET_BUILD_DIR}/${FRAMEWORKS_FOLDER_PATH}/GRPCClient.framework",
				"${TARGET_BUILD_DIR}/${FRAMEWORKS_FOLDER_PATH}/grpcpp.framework",
				"${TARGET_BUILD_DIR}/${FRAMEWORKS_FOLDER_PATH}/grpc.framework",
				"${TARGET_BUILD_DIR}/${FRAMEWORKS_FOLDER_PATH}/ProtoRPC.framework",
				"${TARGET_BUILD_DIR}/${FRAMEWORKS_FOLDER_PATH}/RxLibrary.framework",
				"${TARGET_BUILD_DIR}/${FRAMEWORKS_FOLDER_PATH}/leveldb.framework",
				"${TARGET_BUILD_DIR}/${FRAMEWORKS_FOLDER_PATH}/nanopb.framework",
			);
			runOnlyForDeploymentPostprocessing = 0;
			shellPath = /bin/sh;
			shellScript = "\"${PODS_ROOT}/Target Support Files/Pods-Tinder-Firestore-MVVM/Pods-Tinder-Firestore-MVVM-frameworks.sh\"\n";
			showEnvVarsInLog = 0;
		};
/* End PBXShellScriptBuildPhase section */

/* Begin PBXSourcesBuildPhase section */
		341391BF23068859002A5035 /* Sources */ = {
			isa = PBXSourcesBuildPhase;
			buildActionMask = 2147483647;
			files = (
				3419A080230CC7E50087FD8B /* Bindable.swift in Sources */,
				341391DA230688DE002A5035 /* TopNavigationStackView.swift in Sources */,
				3415AFBC230BBF03003799E0 /* RegistrationViewModel.swift in Sources */,
				3415AFB8230B8256003799E0 /* CustomTextField.swift in Sources */,
				341391C923068859002A5035 /* HomeController.swift in Sources */,
				3419E6B6230A6E8A00CE99B1 /* Advertiser.swift in Sources */,
				341391E12306893F002A5035 /* Extension+UIView.swift in Sources */,
				3448BEE3231358DB002DA5C3 /* AgeRangeCell.swift in Sources */,
				341391DC230688F5002A5035 /* HomeBottomControlStackView.swift in Sources */,
				3419E6B4230A67A800CE99B1 /* CardViewModel.swift in Sources */,
				341391C723068859002A5035 /* AppDelegate.swift in Sources */,
				34070A7F230E0E38006FB397 /* SettingsController.swift in Sources */,
				341391DE2306890E002A5035 /* CardView.swift in Sources */,
				3415AFB6230B778C003799E0 /* RegistrationController.swift in Sources */,
				34A1C99A230A50940029315D /* User.swift in Sources */,
				3419FA80230F712800E00171 /* SettingsCell.swift in Sources */,
			);
			runOnlyForDeploymentPostprocessing = 0;
		};
/* End PBXSourcesBuildPhase section */

/* Begin PBXVariantGroup section */
		341391CA23068859002A5035 /* Main.storyboard */ = {
			isa = PBXVariantGroup;
			children = (
				341391CB23068859002A5035 /* Base */,
			);
			name = Main.storyboard;
			sourceTree = "<group>";
		};
		341391CF2306885A002A5035 /* LaunchScreen.storyboard */ = {
			isa = PBXVariantGroup;
			children = (
				341391D02306885A002A5035 /* Base */,
			);
			name = LaunchScreen.storyboard;
			sourceTree = "<group>";
		};
/* End PBXVariantGroup section */

/* Begin XCBuildConfiguration section */
		341391D32306885A002A5035 /* Debug */ = {
			isa = XCBuildConfiguration;
			buildSettings = {
				ALWAYS_SEARCH_USER_PATHS = NO;
				CLANG_ANALYZER_NONNULL = YES;
				CLANG_ANALYZER_NUMBER_OBJECT_CONVERSION = YES_AGGRESSIVE;
				CLANG_CXX_LANGUAGE_STANDARD = "gnu++14";
				CLANG_CXX_LIBRARY = "libc++";
				CLANG_ENABLE_MODULES = YES;
				CLANG_ENABLE_OBJC_ARC = YES;
				CLANG_ENABLE_OBJC_WEAK = YES;
				CLANG_WARN_BLOCK_CAPTURE_AUTORELEASING = YES;
				CLANG_WARN_BOOL_CONVERSION = YES;
				CLANG_WARN_COMMA = YES;
				CLANG_WARN_CONSTANT_CONVERSION = YES;
				CLANG_WARN_DEPRECATED_OBJC_IMPLEMENTATIONS = YES;
				CLANG_WARN_DIRECT_OBJC_ISA_USAGE = YES_ERROR;
				CLANG_WARN_DOCUMENTATION_COMMENTS = YES;
				CLANG_WARN_EMPTY_BODY = YES;
				CLANG_WARN_ENUM_CONVERSION = YES;
				CLANG_WARN_INFINITE_RECURSION = YES;
				CLANG_WARN_INT_CONVERSION = YES;
				CLANG_WARN_NON_LITERAL_NULL_CONVERSION = YES;
				CLANG_WARN_OBJC_IMPLICIT_RETAIN_SELF = YES;
				CLANG_WARN_OBJC_LITERAL_CONVERSION = YES;
				CLANG_WARN_OBJC_ROOT_CLASS = YES_ERROR;
				CLANG_WARN_RANGE_LOOP_ANALYSIS = YES;
				CLANG_WARN_STRICT_PROTOTYPES = YES;
				CLANG_WARN_SUSPICIOUS_MOVE = YES;
				CLANG_WARN_UNGUARDED_AVAILABILITY = YES_AGGRESSIVE;
				CLANG_WARN_UNREACHABLE_CODE = YES;
				CLANG_WARN__DUPLICATE_METHOD_MATCH = YES;
				CODE_SIGN_IDENTITY = "iPhone Developer";
				COPY_PHASE_STRIP = NO;
				DEBUG_INFORMATION_FORMAT = dwarf;
				ENABLE_STRICT_OBJC_MSGSEND = YES;
				ENABLE_TESTABILITY = YES;
				GCC_C_LANGUAGE_STANDARD = gnu11;
				GCC_DYNAMIC_NO_PIC = NO;
				GCC_NO_COMMON_BLOCKS = YES;
				GCC_OPTIMIZATION_LEVEL = 0;
				GCC_PREPROCESSOR_DEFINITIONS = (
					"DEBUG=1",
					"$(inherited)",
				);
				GCC_WARN_64_TO_32_BIT_CONVERSION = YES;
				GCC_WARN_ABOUT_RETURN_TYPE = YES_ERROR;
				GCC_WARN_UNDECLARED_SELECTOR = YES;
				GCC_WARN_UNINITIALIZED_AUTOS = YES_AGGRESSIVE;
				GCC_WARN_UNUSED_FUNCTION = YES;
				GCC_WARN_UNUSED_VARIABLE = YES;
				IPHONEOS_DEPLOYMENT_TARGET = 12.2;
				MTL_ENABLE_DEBUG_INFO = INCLUDE_SOURCE;
				MTL_FAST_MATH = YES;
				ONLY_ACTIVE_ARCH = YES;
				SDKROOT = iphoneos;
				SWIFT_ACTIVE_COMPILATION_CONDITIONS = DEBUG;
				SWIFT_OPTIMIZATION_LEVEL = "-Onone";
			};
			name = Debug;
		};
		341391D42306885A002A5035 /* Release */ = {
			isa = XCBuildConfiguration;
			buildSettings = {
				ALWAYS_SEARCH_USER_PATHS = NO;
				CLANG_ANALYZER_NONNULL = YES;
				CLANG_ANALYZER_NUMBER_OBJECT_CONVERSION = YES_AGGRESSIVE;
				CLANG_CXX_LANGUAGE_STANDARD = "gnu++14";
				CLANG_CXX_LIBRARY = "libc++";
				CLANG_ENABLE_MODULES = YES;
				CLANG_ENABLE_OBJC_ARC = YES;
				CLANG_ENABLE_OBJC_WEAK = YES;
				CLANG_WARN_BLOCK_CAPTURE_AUTORELEASING = YES;
				CLANG_WARN_BOOL_CONVERSION = YES;
				CLANG_WARN_COMMA = YES;
				CLANG_WARN_CONSTANT_CONVERSION = YES;
				CLANG_WARN_DEPRECATED_OBJC_IMPLEMENTATIONS = YES;
				CLANG_WARN_DIRECT_OBJC_ISA_USAGE = YES_ERROR;
				CLANG_WARN_DOCUMENTATION_COMMENTS = YES;
				CLANG_WARN_EMPTY_BODY = YES;
				CLANG_WARN_ENUM_CONVERSION = YES;
				CLANG_WARN_INFINITE_RECURSION = YES;
				CLANG_WARN_INT_CONVERSION = YES;
				CLANG_WARN_NON_LITERAL_NULL_CONVERSION = YES;
				CLANG_WARN_OBJC_IMPLICIT_RETAIN_SELF = YES;
				CLANG_WARN_OBJC_LITERAL_CONVERSION = YES;
				CLANG_WARN_OBJC_ROOT_CLASS = YES_ERROR;
				CLANG_WARN_RANGE_LOOP_ANALYSIS = YES;
				CLANG_WARN_STRICT_PROTOTYPES = YES;
				CLANG_WARN_SUSPICIOUS_MOVE = YES;
				CLANG_WARN_UNGUARDED_AVAILABILITY = YES_AGGRESSIVE;
				CLANG_WARN_UNREACHABLE_CODE = YES;
				CLANG_WARN__DUPLICATE_METHOD_MATCH = YES;
				CODE_SIGN_IDENTITY = "iPhone Developer";
				COPY_PHASE_STRIP = NO;
				DEBUG_INFORMATION_FORMAT = "dwarf-with-dsym";
				ENABLE_NS_ASSERTIONS = NO;
				ENABLE_STRICT_OBJC_MSGSEND = YES;
				GCC_C_LANGUAGE_STANDARD = gnu11;
				GCC_NO_COMMON_BLOCKS = YES;
				GCC_WARN_64_TO_32_BIT_CONVERSION = YES;
				GCC_WARN_ABOUT_RETURN_TYPE = YES_ERROR;
				GCC_WARN_UNDECLARED_SELECTOR = YES;
				GCC_WARN_UNINITIALIZED_AUTOS = YES_AGGRESSIVE;
				GCC_WARN_UNUSED_FUNCTION = YES;
				GCC_WARN_UNUSED_VARIABLE = YES;
				IPHONEOS_DEPLOYMENT_TARGET = 12.2;
				MTL_ENABLE_DEBUG_INFO = NO;
				MTL_FAST_MATH = YES;
				SDKROOT = iphoneos;
				SWIFT_COMPILATION_MODE = wholemodule;
				SWIFT_OPTIMIZATION_LEVEL = "-O";
				VALIDATE_PRODUCT = YES;
			};
			name = Release;
		};
		341391D62306885A002A5035 /* Debug */ = {
			isa = XCBuildConfiguration;
			baseConfigurationReference = 53BA764CD8D0213BE95DE470 /* Pods-Tinder-Firestore-MVVM.debug.xcconfig */;
			buildSettings = {
				ASSETCATALOG_COMPILER_APPICON_NAME = AppIcon;
				CODE_SIGN_STYLE = Automatic;
				DEVELOPMENT_TEAM = 274245Q59F;
				INFOPLIST_FILE = "Tinder-Firestore-MVVM/Info.plist";
				LD_RUNPATH_SEARCH_PATHS = (
					"$(inherited)",
					"@executable_path/Frameworks",
				);
				PRODUCT_BUNDLE_IDENTIFIER = "test.Tinder-Firestore-MVVM";
				PRODUCT_NAME = "$(TARGET_NAME)";
				SWIFT_VERSION = 5.0;
				TARGETED_DEVICE_FAMILY = "1,2";
			};
			name = Debug;
		};
		341391D72306885A002A5035 /* Release */ = {
			isa = XCBuildConfiguration;
			baseConfigurationReference = D3D85C25544D508DB2CB5656 /* Pods-Tinder-Firestore-MVVM.release.xcconfig */;
			buildSettings = {
				ASSETCATALOG_COMPILER_APPICON_NAME = AppIcon;
				CODE_SIGN_STYLE = Automatic;
				DEVELOPMENT_TEAM = 274245Q59F;
				INFOPLIST_FILE = "Tinder-Firestore-MVVM/Info.plist";
				LD_RUNPATH_SEARCH_PATHS = (
					"$(inherited)",
					"@executable_path/Frameworks",
				);
				PRODUCT_BUNDLE_IDENTIFIER = "test.Tinder-Firestore-MVVM";
				PRODUCT_NAME = "$(TARGET_NAME)";
				SWIFT_VERSION = 5.0;
				TARGETED_DEVICE_FAMILY = "1,2";
			};
			name = Release;
		};
/* End XCBuildConfiguration section */

/* Begin XCConfigurationList section */
		341391BE23068859002A5035 /* Build configuration list for PBXProject "Tinder-Firestore-MVVM" */ = {
			isa = XCConfigurationList;
			buildConfigurations = (
				341391D32306885A002A5035 /* Debug */,
				341391D42306885A002A5035 /* Release */,
			);
			defaultConfigurationIsVisible = 0;
			defaultConfigurationName = Release;
		};
		341391D52306885A002A5035 /* Build configuration list for PBXNativeTarget "Tinder-Firestore-MVVM" */ = {
			isa = XCConfigurationList;
			buildConfigurations = (
				341391D62306885A002A5035 /* Debug */,
				341391D72306885A002A5035 /* Release */,
			);
			defaultConfigurationIsVisible = 0;
			defaultConfigurationName = Release;
		};
/* End XCConfigurationList section */
	};
	rootObject = 341391BB23068859002A5035 /* Project object */;
}
